
Microsoft Visual Studio Solution File, Format Version 12.00
Project("{2150E333-8FDC-42A3-9474-1A3956D46DE8}") = "src", "src", "{F30D8789-2E35-4930-A0D2-E24FF8861E31}"
EndProject
Project("{FAE04EC0-301F-11D3-BF4B-00C04F79EFBC}") = "EventSourcing.PostImpression.Api", "src\EventSourcing.PostImpression.Api\EventSourcing.PostImpression.Api.csproj", "{B12E24AC-176D-4C2E-A681-42027DD3F0C6}"
EndProject
Project("{FAE04EC0-301F-11D3-BF4B-00C04F79EFBC}") = "EventSourcing.PostImpression.Application", "src\EventSourcing.PostImpression.Application\EventSourcing.PostImpression.Application.csproj", "{5BF9A9EC-F4A8-495C-8E2B-24D567B1EC31}"
EndProject
Project("{FAE04EC0-301F-11D3-BF4B-00C04F79EFBC}") = "EventSourcing.PostImpression.Domain", "src\EventSourcing.PostImpression.Domain\EventSourcing.PostImpression.Domain.csproj", "{F22D4DF3-D09A-455A-84BC-D977F4840AD9}"
EndProject
Project("{FAE04EC0-301F-11D3-BF4B-00C04F79EFBC}") = "EventSourcing.PostImpression.Infrastructure.Persistent", "src\EventSourcing.PostImpression.Infrastructure.Persistent\EventSourcing.PostImpression.Infrastructure.Persistent.csproj", "{22C101C8-E065-4ECD-9F76-3341B01DA969}"
EndProject
Global
	GlobalSection(SolutionConfigurationPlatforms) = preSolution
		Debug|Any CPU = Debug|Any CPU
		Release|Any CPU = Release|Any CPU
	EndGlobalSection
	GlobalSection(NestedProjects) = preSolution
		{B12E24AC-176D-4C2E-A681-42027DD3F0C6} = {F30D8789-2E35-4930-A0D2-E24FF8861E31}
		{5BF9A9EC-F4A8-495C-8E2B-24D567B1EC31} = {F30D8789-2E35-4930-A0D2-E24FF8861E31}
		{F22D4DF3-D09A-455A-84BC-D977F4840AD9} = {F30D8789-2E35-4930-A0D2-E24FF8861E31}
		{22C101C8-E065-4ECD-9F76-3341B01DA969} = {F30D8789-2E35-4930-A0D2-E24FF8861E31}
	EndGlobalSection
	GlobalSection(ProjectConfigurationPlatforms) = postSolution
		{B12E24AC-176D-4C2E-A681-42027DD3F0C6}.Debug|Any CPU.ActiveCfg = Debug|Any CPU
		{B12E24AC-176D-4C2E-A681-42027DD3F0C6}.Debug|Any CPU.Build.0 = Debug|Any CPU
		{B12E24AC-176D-4C2E-A681-42027DD3F0C6}.Release|Any CPU.ActiveCfg = Release|Any CPU
		{B12E24AC-176D-4C2E-A681-42027DD3F0C6}.Release|Any CPU.Build.0 = Release|Any CPU
		{5BF9A9EC-F4A8-495C-8E2B-24D567B1EC31}.Debug|Any CPU.ActiveCfg = Debug|Any CPU
		{5BF9A9EC-F4A8-495C-8E2B-24D567B1EC31}.Debug|Any CPU.Build.0 = Debug|Any CPU
		{5BF9A9EC-F4A8-495C-8E2B-24D567B1EC31}.Release|Any CPU.ActiveCfg = Release|Any CPU
		{5BF9A9EC-F4A8-495C-8E2B-24D567B1EC31}.Release|Any CPU.Build.0 = Release|Any CPU
		{F22D4DF3-D09A-455A-84BC-D977F4840AD9}.Debug|Any CPU.ActiveCfg = Debug|Any CPU
		{F22D4DF3-D09A-455A-84BC-D977F4840AD9}.Debug|Any CPU.Build.0 = Debug|Any CPU
		{F22D4DF3-D09A-455A-84BC-D977F4840AD9}.Release|Any CPU.ActiveCfg = Release|Any CPU
		{F22D4DF3-D09A-455A-84BC-D977F4840AD9}.Release|Any CPU.Build.0 = Release|Any CPU
		{22C101C8-E065-4ECD-9F76-3341B01DA969}.Debug|Any CPU.ActiveCfg = Debug|Any CPU
		{22C101C8-E065-4ECD-9F76-3341B01DA969}.Debug|Any CPU.Build.0 = Debug|Any CPU
		{22C101C8-E065-4ECD-9F76-3341B01DA969}.Release|Any CPU.ActiveCfg = Release|Any CPU
		{22C101C8-E065-4ECD-9F76-3341B01DA969}.Release|Any CPU.Build.0 = Release|Any CPU
	EndGlobalSection
EndGlobal
